
Microsoft Visual Studio Solution File, Format Version 12.00
# Visual Studio 14
VisualStudioVersion = 14.0.25420.1
MinimumVisualStudioVersion = 10.0.40219.1
Project("{FAE04EC0-301F-11D3-BF4B-00C04F79EFBC}") = "Runner", "Queens\Runner.csproj", "{C77DFFA0-66B4-4E7A-A176-87AD68B43D3B}"
EndProject
Project("{FAE04EC0-301F-11D3-BF4B-00C04F79EFBC}") = "QueensLibrary", "QueensLibrary\QueensLibrary.csproj", "{B3AE298A-BE09-4861-AB66-3DE6874B57F3}"
EndProject
Global
	GlobalSection(SolutionConfigurationPlatforms) = preSolution
		Debug|Any CPU = Debug|Any CPU
		Debug|x64 = Debug|x64
		Release|Any CPU = Release|Any CPU
		Release|x64 = Release|x64
	EndGlobalSection
	GlobalSection(ProjectConfigurationPlatforms) = postSolution
		{C77DFFA0-66B4-4E7A-A176-87AD68B43D3B}.Debug|Any CPU.ActiveCfg = Debug|Any CPU
		{C77DFFA0-66B4-4E7A-A176-87AD68B43D3B}.Debug|Any CPU.Build.0 = Debug|Any CPU
		{C77DFFA0-66B4-4E7A-A176-87AD68B43D3B}.Debug|x64.ActiveCfg = Debug|x64
		{C77DFFA0-66B4-4E7A-A176-87AD68B43D3B}.Debug|x64.Build.0 = Debug|x64
		{C77DFFA0-66B4-4E7A-A176-87AD68B43D3B}.Release|Any CPU.ActiveCfg = Release|Any CPU
		{C77DFFA0-66B4-4E7A-A176-87AD68B43D3B}.Release|Any CPU.Build.0 = Release|Any CPU
		{C77DFFA0-66B4-4E7A-A176-87AD68B43D3B}.Release|x64.ActiveCfg = Release|x64
		{C77DFFA0-66B4-4E7A-A176-87AD68B43D3B}.Release|x64.Build.0 = Release|x64
		{B3AE298A-BE09-4861-AB66-3DE6874B57F3}.Debug|Any CPU.ActiveCfg = Debug|Any CPU
		{B3AE298A-BE09-4861-AB66-3DE6874B57F3}.Debug|Any CPU.Build.0 = Debug|Any CPU
		{B3AE298A-BE09-4861-AB66-3DE6874B57F3}.Debug|x64.ActiveCfg = Debug|x64
		{B3AE298A-BE09-4861-AB66-3DE6874B57F3}.Debug|x64.Build.0 = Debug|x64
		{B3AE298A-BE09-4861-AB66-3DE6874B57F3}.Release|Any CPU.ActiveCfg = Release|Any CPU
		{B3AE298A-BE09-4861-AB66-3DE6874B57F3}.Release|Any CPU.Build.0 = Release|Any CPU
		{B3AE298A-BE09-4861-AB66-3DE6874B57F3}.Release|x64.ActiveCfg = Release|x64
		{B3AE298A-BE09-4861-AB66-3DE6874B57F3}.Release|x64.Build.0 = Release|x64
	EndGlobalSection
	GlobalSection(SolutionProperties) = preSolution
		HideSolutionNode = FALSE
	EndGlobalSection
EndGlobal
